<?xml version="1.0" encoding="utf-8"?>
<Project ToolsVersion="4.0" xmlns="http://schemas.microsoft.com/developer/msbuild/2003">
  <ItemGroup>
    <ClCompile Include="GameObject\Bullet.cpp" />
    <ClCompile Include="DataTable\DataTable.cpp" />
    <ClCompile Include="DataTable\DataTableMGR.cpp" />
    <ClCompile Include="DataTable\StringTable.cpp" />
    <ClCompile Include="Framework\Framework.cpp" />
    <ClCompile Include="Framework\InputMgr.cpp" />
    <ClCompile Include="Framework\ResourceMgr.cpp" />
    <ClCompile Include="Framework\Utils.cpp" />
    <ClCompile Include="GameObject\Player.cpp" />
    <ClCompile Include="GameObject\ItemGenerator.cpp" />
    <ClCompile Include="main.cpp" />
    <ClCompile Include="GameObject\Object.cpp" />
    <ClCompile Include="GameObject\Pickup.cpp" />
    <ClCompile Include="GameObject\PlayerStatTable.cpp" />
    <ClCompile Include="Scenes\SceneMenu.cpp" />
    <ClCompile Include="Scenes\SceneDev1.cpp" />
    <ClCompile Include="Scenes\SceneDev2.cpp" />
    <ClCompile Include="Scenes\Scene.cpp" />
    <ClCompile Include="Scenes\SceneMgr.cpp" />
    <ClCompile Include="GameObject\SpriteObj.cpp" />
    <ClCompile Include="GameObject\TextObj.cpp" />
    <ClCompile Include="Framework\SoundMgr.cpp" />
    <ClCompile Include="GameObject\VertexArrayObj.cpp" />
    <ClCompile Include="GameObject\Zombie.cpp" />
    <ClCompile Include="Scenes\SceneTitle.cpp" />
    <ClCompile Include="UI\UiMenuMgr.cpp" />
    <ClCompile Include="UI\UiTitleMgr.cpp" />
    <ClCompile Include="GameObject\SM.cpp" />
    <ClCompile Include="GameObject\Sword.cpp" />
    <ClCompile Include="GameObject\Slash.cpp" />
    <ClCompile Include="UI\UIDev1Mgr.cpp" />
    <ClCompile Include="UI\UIMgr.cpp" />
    <ClCompile Include="GameObject\Pistol.cpp" />
    <ClCompile Include="Framework\ConsoleLogger.cpp" />
  </ItemGroup>
  <ItemGroup>
    <ClInclude Include="3rd\rapidcsv.h" />
    <ClInclude Include="3rd\Singleton.h" />
    <ClInclude Include="3rd\OBB.h" />
    <ClInclude Include="Framework\ObjectPool.h" />
    <ClInclude Include="GameObject\Bullet.h" />
    <ClInclude Include="DataTable\DataTable.h" />
    <ClInclude Include="DataTable\DataTableMGR.h" />
    <ClInclude Include="DataTable\StringTable.h" />
    <ClInclude Include="Framework\Framework.h" />
    <ClInclude Include="Framework\InputMgr.h" />
    <ClInclude Include="Framework\ResourceMgr.h" />
    <ClInclude Include="Framework\Utils.h" />
    <ClInclude Include="GameObject\Object.h" />
    <ClInclude Include="GameObject\Player.h" />
    <ClInclude Include="GameObject\Pickup.h" />
    <ClInclude Include="GameObject\ItemGenerator.h" />
    <ClInclude Include="GameObject\PlayerStatTable.h" />
    <ClInclude Include="Scenes\SceneMenu.h" />
    <ClInclude Include="Scenes\SceneDev1.h" />
    <ClInclude Include="Scenes\SceneDev2.h" />
    <ClInclude Include="Scenes\Scene.h" />
    <ClInclude Include="Scenes\SceneMgr.h" />
    <ClInclude Include="GameObject\SpriteObj.h" />
    <ClInclude Include="GameObject\TextObj.h" />
    <ClInclude Include="Framework\SoundMgr.h" />
    <ClInclude Include="GameObject\VertexArrayObj.h" />
    <ClInclude Include="GameObject\Zombie.h" />
    <ClInclude Include="Scenes\SceneTitle.h" />
    <ClInclude Include="UI\UiMenuMgr.h" />
    <ClInclude Include="UI\UiTitleMgr.h" />
    <ClInclude Include="UI\UIDev1Mgr.h" />
    <ClInclude Include="UI\UIMgr.h" />
    <ClInclude Include="Frameworks.h" />
    <ClInclude Include="GameObject\SM.h" />
    <ClInclude Include="GameObject\Sword.h" />
    <ClInclude Include="GameObject\Slash.h" />
    <ClInclude Include="GameObject\Pistol.h" />
    <ClInclude Include="Framework\ConsoleLogger.h" />
  </ItemGroup>
</Project>